
Microsoft Visual Studio Solution File, Format Version 12.00
# Visual Studio 15
VisualStudioVersion = 15.0.28307.136
MinimumVisualStudioVersion = 10.0.40219.1
Project("{FAE04EC0-301F-11D3-BF4B-00C04F79EFBC}") = "LeetCodeWeb", "LeetCodeWeb\LeetCodeWeb.csproj", "{9075C84B-928A-4620-9E30-5B90EEF0CE4B}"
EndProject
Project("{FAE04EC0-301F-11D3-BF4B-00C04F79EFBC}") = "isHappy", "isHappy\isHappy.csproj", "{04BDF6B5-5D5A-4628-BC40-1FA3926D4985}"
EndProject
Project("{9A19103F-16F7-4668-BE54-9A1E7A4F7556}") = "FindLengthOfLCIS", "FindLengthOfLCIS\FindLengthOfLCIS.csproj", "{443E09A7-B686-4822-8398-16FDA5CD0040}"
EndProject
Project("{9A19103F-16F7-4668-BE54-9A1E7A4F7556}") = "NextGreatestLetter", "NextGreatestLetter\NextGreatestLetter.csproj", "{E35F3B4D-4FB1-40BD-AA2C-B4144C4A7B2D}"
EndProject
Project("{FAE04EC0-301F-11D3-BF4B-00C04F79EFBC}") = "LengthOfLastWord", "LengthOfLastWord\LengthOfLastWord.csproj", "{D886EFF3-B649-4A1D-AACC-8BAD0091C949}"
EndProject
Project("{FAE04EC0-301F-11D3-BF4B-00C04F79EFBC}") = "MySqrt", "MySqrt\MySqrt.csproj", "{72982CC5-D92F-4A1A-AAA5-C54BE95624C1}"
EndProject
Project("{FAE04EC0-301F-11D3-BF4B-00C04F79EFBC}") = "shiftingLetters", "shiftingLetters\shiftingLetters.csproj", "{2B52D77D-623F-4CA1-AB15-5602AF14B6E5}"
EndProject
Project("{FAE04EC0-301F-11D3-BF4B-00C04F79EFBC}") = "ShiftMe", "ShiftMe\ShiftMe.csproj", "{88FDA2B7-ED1C-46E3-AFD9-A30DA25791B1}"
EndProject
Project("{FAE04EC0-301F-11D3-BF4B-00C04F79EFBC}") = "StrStr", "StrStr\StrStr.csproj", "{F78AD60A-8FF8-480E-8621-A9AE9DC328A4}"
EndProject
Project("{FAE04EC0-301F-11D3-BF4B-00C04F79EFBC}") = "SubArray", "SubArray\SubArray.csproj", "{B4BBE462-A399-41E6-B425-CC506343FFBA}"
EndProject
Global
	GlobalSection(SolutionConfigurationPlatforms) = preSolution
		Debug|Any CPU = Debug|Any CPU
		Release|Any CPU = Release|Any CPU
	EndGlobalSection
	GlobalSection(ProjectConfigurationPlatforms) = postSolution
		{9075C84B-928A-4620-9E30-5B90EEF0CE4B}.Debug|Any CPU.ActiveCfg = Debug|Any CPU
		{9075C84B-928A-4620-9E30-5B90EEF0CE4B}.Debug|Any CPU.Build.0 = Debug|Any CPU
		{9075C84B-928A-4620-9E30-5B90EEF0CE4B}.Release|Any CPU.ActiveCfg = Release|Any CPU
		{9075C84B-928A-4620-9E30-5B90EEF0CE4B}.Release|Any CPU.Build.0 = Release|Any CPU
		{04BDF6B5-5D5A-4628-BC40-1FA3926D4985}.Debug|Any CPU.ActiveCfg = Debug|Any CPU
		{04BDF6B5-5D5A-4628-BC40-1FA3926D4985}.Debug|Any CPU.Build.0 = Debug|Any CPU
		{04BDF6B5-5D5A-4628-BC40-1FA3926D4985}.Release|Any CPU.ActiveCfg = Release|Any CPU
		{04BDF6B5-5D5A-4628-BC40-1FA3926D4985}.Release|Any CPU.Build.0 = Release|Any CPU
		{443E09A7-B686-4822-8398-16FDA5CD0040}.Debug|Any CPU.ActiveCfg = Debug|Any CPU
		{443E09A7-B686-4822-8398-16FDA5CD0040}.Debug|Any CPU.Build.0 = Debug|Any CPU
		{443E09A7-B686-4822-8398-16FDA5CD0040}.Release|Any CPU.ActiveCfg = Release|Any CPU
		{443E09A7-B686-4822-8398-16FDA5CD0040}.Release|Any CPU.Build.0 = Release|Any CPU
		{E35F3B4D-4FB1-40BD-AA2C-B4144C4A7B2D}.Debug|Any CPU.ActiveCfg = Debug|Any CPU
		{E35F3B4D-4FB1-40BD-AA2C-B4144C4A7B2D}.Debug|Any CPU.Build.0 = Debug|Any CPU
		{E35F3B4D-4FB1-40BD-AA2C-B4144C4A7B2D}.Release|Any CPU.ActiveCfg = Release|Any CPU
		{E35F3B4D-4FB1-40BD-AA2C-B4144C4A7B2D}.Release|Any CPU.Build.0 = Release|Any CPU
		{D886EFF3-B649-4A1D-AACC-8BAD0091C949}.Debug|Any CPU.ActiveCfg = Debug|Any CPU
		{D886EFF3-B649-4A1D-AACC-8BAD0091C949}.Debug|Any CPU.Build.0 = Debug|Any CPU
		{D886EFF3-B649-4A1D-AACC-8BAD0091C949}.Release|Any CPU.ActiveCfg = Release|Any CPU
		{D886EFF3-B649-4A1D-AACC-8BAD0091C949}.Release|Any CPU.Build.0 = Release|Any CPU
		{72982CC5-D92F-4A1A-AAA5-C54BE95624C1}.Debug|Any CPU.ActiveCfg = Debug|Any CPU
		{72982CC5-D92F-4A1A-AAA5-C54BE95624C1}.Debug|Any CPU.Build.0 = Debug|Any CPU
		{72982CC5-D92F-4A1A-AAA5-C54BE95624C1}.Release|Any CPU.ActiveCfg = Release|Any CPU
		{72982CC5-D92F-4A1A-AAA5-C54BE95624C1}.Release|Any CPU.Build.0 = Release|Any CPU
		{2B52D77D-623F-4CA1-AB15-5602AF14B6E5}.Debug|Any CPU.ActiveCfg = Debug|Any CPU
		{2B52D77D-623F-4CA1-AB15-5602AF14B6E5}.Debug|Any CPU.Build.0 = Debug|Any CPU
		{2B52D77D-623F-4CA1-AB15-5602AF14B6E5}.Release|Any CPU.ActiveCfg = Release|Any CPU
		{2B52D77D-623F-4CA1-AB15-5602AF14B6E5}.Release|Any CPU.Build.0 = Release|Any CPU
		{88FDA2B7-ED1C-46E3-AFD9-A30DA25791B1}.Debug|Any CPU.ActiveCfg = Debug|Any CPU
		{88FDA2B7-ED1C-46E3-AFD9-A30DA25791B1}.Debug|Any CPU.Build.0 = Debug|Any CPU
		{88FDA2B7-ED1C-46E3-AFD9-A30DA25791B1}.Release|Any CPU.ActiveCfg = Release|Any CPU
		{88FDA2B7-ED1C-46E3-AFD9-A30DA25791B1}.Release|Any CPU.Build.0 = Release|Any CPU
		{F78AD60A-8FF8-480E-8621-A9AE9DC328A4}.Debug|Any CPU.ActiveCfg = Debug|Any CPU
		{F78AD60A-8FF8-480E-8621-A9AE9DC328A4}.Debug|Any CPU.Build.0 = Debug|Any CPU
		{F78AD60A-8FF8-480E-8621-A9AE9DC328A4}.Release|Any CPU.ActiveCfg = Release|Any CPU
		{F78AD60A-8FF8-480E-8621-A9AE9DC328A4}.Release|Any CPU.Build.0 = Release|Any CPU
		{B4BBE462-A399-41E6-B425-CC506343FFBA}.Debug|Any CPU.ActiveCfg = Debug|Any CPU
		{B4BBE462-A399-41E6-B425-CC506343FFBA}.Debug|Any CPU.Build.0 = Debug|Any CPU
		{B4BBE462-A399-41E6-B425-CC506343FFBA}.Release|Any CPU.ActiveCfg = Release|Any CPU
		{B4BBE462-A399-41E6-B425-CC506343FFBA}.Release|Any CPU.Build.0 = Release|Any CPU
	EndGlobalSection
	GlobalSection(SolutionProperties) = preSolution
		HideSolutionNode = FALSE
	EndGlobalSection
	GlobalSection(ExtensibilityGlobals) = postSolution
		SolutionGuid = {7E139D5B-38FA-4D04-9C3C-C27BBAA84CAA}
	EndGlobalSection
EndGlobal
