
Microsoft Visual Studio Solution File, Format Version 12.00
# Visual Studio 15
VisualStudioVersion = 15.0.27703.2026
MinimumVisualStudioVersion = 10.0.40219.1
Project("{FAE04EC0-301F-11D3-BF4B-00C04F79EFBC}") = "shiftingLetters", "shiftingLetters\shiftingLetters.csproj", "{2B52D77D-623F-4CA1-AB15-5602AF14B6E5}"
EndProject
Global
	GlobalSection(SolutionConfigurationPlatforms) = preSolution
		Debug|Any CPU = Debug|Any CPU
		Release|Any CPU = Release|Any CPU
	EndGlobalSection
	GlobalSection(ProjectConfigurationPlatforms) = postSolution
		{2B52D77D-623F-4CA1-AB15-5602AF14B6E5}.Debug|Any CPU.ActiveCfg = Debug|Any CPU
		{2B52D77D-623F-4CA1-AB15-5602AF14B6E5}.Debug|Any CPU.Build.0 = Debug|Any CPU
		{2B52D77D-623F-4CA1-AB15-5602AF14B6E5}.Release|Any CPU.ActiveCfg = Release|Any CPU
		{2B52D77D-623F-4CA1-AB15-5602AF14B6E5}.Release|Any CPU.Build.0 = Release|Any CPU
	EndGlobalSection
	GlobalSection(SolutionProperties) = preSolution
		HideSolutionNode = FALSE
	EndGlobalSection
	GlobalSection(ExtensibilityGlobals) = postSolution
		SolutionGuid = {5EC1395B-9FEC-4009-BB71-5C9E46AE764C}
	EndGlobalSection
EndGlobal
