
Microsoft Visual Studio Solution File, Format Version 12.00
# Visual Studio 15
VisualStudioVersion = 15.0.27428.2037
MinimumVisualStudioVersion = 10.0.40219.1
Project("{FAE04EC0-301F-11D3-BF4B-00C04F79EFBC}") = "SubArray", "SubArray\SubArray.csproj", "{B4BBE462-A399-41E6-B425-CC506343FFBA}"
EndProject
Global
	GlobalSection(SolutionConfigurationPlatforms) = preSolution
		Debug|Any CPU = Debug|Any CPU
		Release|Any CPU = Release|Any CPU
	EndGlobalSection
	GlobalSection(ProjectConfigurationPlatforms) = postSolution
		{B4BBE462-A399-41E6-B425-CC506343FFBA}.Debug|Any CPU.ActiveCfg = Debug|Any CPU
		{B4BBE462-A399-41E6-B425-CC506343FFBA}.Debug|Any CPU.Build.0 = Debug|Any CPU
		{B4BBE462-A399-41E6-B425-CC506343FFBA}.Release|Any CPU.ActiveCfg = Release|Any CPU
		{B4BBE462-A399-41E6-B425-CC506343FFBA}.Release|Any CPU.Build.0 = Release|Any CPU
	EndGlobalSection
	GlobalSection(SolutionProperties) = preSolution
		HideSolutionNode = FALSE
	EndGlobalSection
	GlobalSection(ExtensibilityGlobals) = postSolution
		SolutionGuid = {742349F3-BF36-4FAB-A987-A8D2DA07CD84}
	EndGlobalSection
EndGlobal
